
Microsoft Visual Studio Solution File, Format Version 12.00
# Visual Studio Version 17
VisualStudioVersion = 17.8.34408.163
MinimumVisualStudioVersion = 10.0.40219.1
Project("{FAE04EC0-301F-11D3-BF4B-00C04F79EFBC}") = "MovieApp.Core", "MovieApp.Core\MovieApp.Core.csproj", "{BAE7C224-8C19-40CB-90D9-FE152C2C1C0B}"
EndProject
Project("{FAE04EC0-301F-11D3-BF4B-00C04F79EFBC}") = "MovieApp.DAL", "MovieApp.DAL\MovieApp.DAL.csproj", "{4973E8C6-4A28-42AA-9747-5D11DFC556BF}"
EndProject
Project("{FAE04EC0-301F-11D3-BF4B-00C04F79EFBC}") = "MovieApp.BL", "MovieApp.BL\MovieApp.BL.csproj", "{D4C963BD-F5A3-4C4D-92A8-30448A4AB01B}"
EndProject
Project("{FAE04EC0-301F-11D3-BF4B-00C04F79EFBC}") = "MovieApp.API", "MovieApp.API\MovieApp.API.csproj", "{9FFFBFA6-6C81-426B-9A11-869BB339CF68}"
EndProject
Global
	GlobalSection(SolutionConfigurationPlatforms) = preSolution
		Debug|Any CPU = Debug|Any CPU
		Release|Any CPU = Release|Any CPU
	EndGlobalSection
	GlobalSection(ProjectConfigurationPlatforms) = postSolution
		{BAE7C224-8C19-40CB-90D9-FE152C2C1C0B}.Debug|Any CPU.ActiveCfg = Debug|Any CPU
		{BAE7C224-8C19-40CB-90D9-FE152C2C1C0B}.Debug|Any CPU.Build.0 = Debug|Any CPU
		{BAE7C224-8C19-40CB-90D9-FE152C2C1C0B}.Release|Any CPU.ActiveCfg = Release|Any CPU
		{BAE7C224-8C19-40CB-90D9-FE152C2C1C0B}.Release|Any CPU.Build.0 = Release|Any CPU
		{4973E8C6-4A28-42AA-9747-5D11DFC556BF}.Debug|Any CPU.ActiveCfg = Debug|Any CPU
		{4973E8C6-4A28-42AA-9747-5D11DFC556BF}.Debug|Any CPU.Build.0 = Debug|Any CPU
		{4973E8C6-4A28-42AA-9747-5D11DFC556BF}.Release|Any CPU.ActiveCfg = Release|Any CPU
		{4973E8C6-4A28-42AA-9747-5D11DFC556BF}.Release|Any CPU.Build.0 = Release|Any CPU
		{D4C963BD-F5A3-4C4D-92A8-30448A4AB01B}.Debug|Any CPU.ActiveCfg = Debug|Any CPU
		{D4C963BD-F5A3-4C4D-92A8-30448A4AB01B}.Debug|Any CPU.Build.0 = Debug|Any CPU
		{D4C963BD-F5A3-4C4D-92A8-30448A4AB01B}.Release|Any CPU.ActiveCfg = Release|Any CPU
		{D4C963BD-F5A3-4C4D-92A8-30448A4AB01B}.Release|Any CPU.Build.0 = Release|Any CPU
		{9FFFBFA6-6C81-426B-9A11-869BB339CF68}.Debug|Any CPU.ActiveCfg = Debug|Any CPU
		{9FFFBFA6-6C81-426B-9A11-869BB339CF68}.Debug|Any CPU.Build.0 = Debug|Any CPU
		{9FFFBFA6-6C81-426B-9A11-869BB339CF68}.Release|Any CPU.ActiveCfg = Release|Any CPU
		{9FFFBFA6-6C81-426B-9A11-869BB339CF68}.Release|Any CPU.Build.0 = Release|Any CPU
	EndGlobalSection
	GlobalSection(SolutionProperties) = preSolution
		HideSolutionNode = FALSE
	EndGlobalSection
	GlobalSection(ExtensibilityGlobals) = postSolution
		SolutionGuid = {8D3FE912-E9E8-4E7D-B5A7-8F2990ADE787}
	EndGlobalSection
EndGlobal
